
Microsoft Visual Studio Solution File, Format Version 12.00
# Visual Studio Version 17
VisualStudioVersion = 17.9.34902.65
MinimumVisualStudioVersion = 10.0.40219.1
Project("{FAE04EC0-301F-11D3-BF4B-00C04F79EFBC}") = "Koi.Services", "Koi.Service\Koi.Services.csproj", "{4F25240E-51E9-424B-A4CF-94481E85569F}"
EndProject
Project("{FAE04EC0-301F-11D3-BF4B-00C04F79EFBC}") = "Koi.Repositories", "Koi.Repositories\Koi.Repositories.csproj", "{F705C099-6283-4B2A-A053-C28C967BD307}"
EndProject
Project("{FAE04EC0-301F-11D3-BF4B-00C04F79EFBC}") = "Koi.WebAPI", "Koi.WebAPI\Koi.WebAPI.csproj", "{36F11F00-4513-4FB4-B8D4-0578B9853D20}"
EndProject
Global
	GlobalSection(SolutionConfigurationPlatforms) = preSolution
		Debug|Any CPU = Debug|Any CPU
		Release|Any CPU = Release|Any CPU
	EndGlobalSection
	GlobalSection(ProjectConfigurationPlatforms) = postSolution
		{4F25240E-51E9-424B-A4CF-94481E85569F}.Debug|Any CPU.ActiveCfg = Debug|Any CPU
		{4F25240E-51E9-424B-A4CF-94481E85569F}.Debug|Any CPU.Build.0 = Debug|Any CPU
		{4F25240E-51E9-424B-A4CF-94481E85569F}.Release|Any CPU.ActiveCfg = Release|Any CPU
		{4F25240E-51E9-424B-A4CF-94481E85569F}.Release|Any CPU.Build.0 = Release|Any CPU
		{F705C099-6283-4B2A-A053-C28C967BD307}.Debug|Any CPU.ActiveCfg = Debug|Any CPU
		{F705C099-6283-4B2A-A053-C28C967BD307}.Debug|Any CPU.Build.0 = Debug|Any CPU
		{F705C099-6283-4B2A-A053-C28C967BD307}.Release|Any CPU.ActiveCfg = Release|Any CPU
		{F705C099-6283-4B2A-A053-C28C967BD307}.Release|Any CPU.Build.0 = Release|Any CPU
		{36F11F00-4513-4FB4-B8D4-0578B9853D20}.Debug|Any CPU.ActiveCfg = Debug|Any CPU
		{36F11F00-4513-4FB4-B8D4-0578B9853D20}.Debug|Any CPU.Build.0 = Debug|Any CPU
		{36F11F00-4513-4FB4-B8D4-0578B9853D20}.Release|Any CPU.ActiveCfg = Release|Any CPU
		{36F11F00-4513-4FB4-B8D4-0578B9853D20}.Release|Any CPU.Build.0 = Release|Any CPU
	EndGlobalSection
	GlobalSection(SolutionProperties) = preSolution
		HideSolutionNode = FALSE
	EndGlobalSection
	GlobalSection(ExtensibilityGlobals) = postSolution
		SolutionGuid = {02D0727C-3081-4C37-BDB9-E57F398573D7}
	EndGlobalSection
EndGlobal
