
Microsoft Visual Studio Solution File, Format Version 12.00
# Visual Studio Version 17
VisualStudioVersion = 17.9.34902.65
MinimumVisualStudioVersion = 10.0.40219.1
Project("{9A19103F-16F7-4668-BE54-9A1E7A4F7556}") = "Koi.Repositories", "Koi.Repositories\Koi.Repositories.csproj", "{F705C099-6283-4B2A-A053-C28C967BD307}"
EndProject
Project("{9A19103F-16F7-4668-BE54-9A1E7A4F7556}") = "Koi.WebAPI", "Koi.WebAPI\Koi.WebAPI.csproj", "{36F11F00-4513-4FB4-B8D4-0578B9853D20}"
EndProject
Project("{9A19103F-16F7-4668-BE54-9A1E7A4F7556}") = "Koi.Services", "Koi.Services\Koi.Services.csproj", "{E045A741-53AB-4300-A880-995F21728147}"
EndProject
Project("{9A19103F-16F7-4668-BE54-9A1E7A4F7556}") = "Koi.BusinessObjects", "Koi.BusinessObjects\Koi.BusinessObjects.csproj", "{04A5088A-C24E-4027-93DD-B7D11CBA8279}"
EndProject
Project("{E53339B2-1760-4266-BCC7-CA923CBCF16C}") = "docker-compose", "docker-compose.dcproj", "{1A817A79-AEEC-4D4C-84BD-08DBF8112062}"
EndProject
Global
	GlobalSection(SolutionConfigurationPlatforms) = preSolution
		Debug|Any CPU = Debug|Any CPU
		Release|Any CPU = Release|Any CPU
	EndGlobalSection
	GlobalSection(ProjectConfigurationPlatforms) = postSolution
		{F705C099-6283-4B2A-A053-C28C967BD307}.Debug|Any CPU.ActiveCfg = Debug|Any CPU
		{F705C099-6283-4B2A-A053-C28C967BD307}.Debug|Any CPU.Build.0 = Debug|Any CPU
		{F705C099-6283-4B2A-A053-C28C967BD307}.Release|Any CPU.ActiveCfg = Release|Any CPU
		{F705C099-6283-4B2A-A053-C28C967BD307}.Release|Any CPU.Build.0 = Release|Any CPU
		{36F11F00-4513-4FB4-B8D4-0578B9853D20}.Debug|Any CPU.ActiveCfg = Debug|Any CPU
		{36F11F00-4513-4FB4-B8D4-0578B9853D20}.Debug|Any CPU.Build.0 = Debug|Any CPU
		{36F11F00-4513-4FB4-B8D4-0578B9853D20}.Release|Any CPU.ActiveCfg = Release|Any CPU
		{36F11F00-4513-4FB4-B8D4-0578B9853D20}.Release|Any CPU.Build.0 = Release|Any CPU
		{E045A741-53AB-4300-A880-995F21728147}.Debug|Any CPU.ActiveCfg = Debug|Any CPU
		{E045A741-53AB-4300-A880-995F21728147}.Debug|Any CPU.Build.0 = Debug|Any CPU
		{E045A741-53AB-4300-A880-995F21728147}.Release|Any CPU.ActiveCfg = Release|Any CPU
		{E045A741-53AB-4300-A880-995F21728147}.Release|Any CPU.Build.0 = Release|Any CPU
		{04A5088A-C24E-4027-93DD-B7D11CBA8279}.Debug|Any CPU.ActiveCfg = Debug|Any CPU
		{04A5088A-C24E-4027-93DD-B7D11CBA8279}.Debug|Any CPU.Build.0 = Debug|Any CPU
		{04A5088A-C24E-4027-93DD-B7D11CBA8279}.Release|Any CPU.ActiveCfg = Release|Any CPU
		{04A5088A-C24E-4027-93DD-B7D11CBA8279}.Release|Any CPU.Build.0 = Release|Any CPU
		{1A817A79-AEEC-4D4C-84BD-08DBF8112062}.Debug|Any CPU.ActiveCfg = Debug|Any CPU
		{1A817A79-AEEC-4D4C-84BD-08DBF8112062}.Debug|Any CPU.Build.0 = Debug|Any CPU
		{1A817A79-AEEC-4D4C-84BD-08DBF8112062}.Release|Any CPU.ActiveCfg = Release|Any CPU
		{1A817A79-AEEC-4D4C-84BD-08DBF8112062}.Release|Any CPU.Build.0 = Release|Any CPU
	EndGlobalSection
	GlobalSection(SolutionProperties) = preSolution
		HideSolutionNode = FALSE
	EndGlobalSection
	GlobalSection(ExtensibilityGlobals) = postSolution
		SolutionGuid = {02D0727C-3081-4C37-BDB9-E57F398573D7}
	EndGlobalSection
EndGlobal
